# THIS IS AN AUTOGENERATED FILE. DO NOT EDIT THIS FILE DIRECTLY.
# yarn lockfile v1


gitbook-plugin-fontsettings@2.0.0:
  version "2.0.0"
  resolved "http://registry.npm.taobao.org/gitbook-plugin-fontsettings/download/gitbook-plugin-fontsettings-2.0.0.tgz#835f900ae3dd111086fe7ed4425ee3de024861ab"

gitbook-plugin-highlight@2.0.2:
  version "2.0.2"
  resolved "http://registry.npm.taobao.org/gitbook-plugin-highlight/download/gitbook-plugin-highlight-2.0.2.tgz#02650720ab594c799b9451785960fe417cad8046"
  dependencies:
    highlight.js "9.2.0"

gitbook-plugin-livereload@0.0.1:
  version "0.0.1"
  resolved "http://registry.npm.taobao.org/gitbook-plugin-livereload/download/gitbook-plugin-livereload-0.0.1.tgz#c0c9dc6f55f82fc24f97532b25287abbbb416b96"

gitbook-plugin-lunr@1.2.0:
  version "1.2.0"
  resolved "http://registry.npm.taobao.org/gitbook-plugin-lunr/download/gitbook-plugin-lunr-1.2.0.tgz#f3e80ec76512fbdb75eb0524aa82b8dff12a50ab"
  dependencies:
    gitbook-plugin-search "*"
    html-entities "1.2.0"
    lunr "0.5.12"

gitbook-plugin-search-pro@^2.0.2:
  version "2.0.2"
  resolved "http://registry.npm.taobao.org/gitbook-plugin-search-pro/download/gitbook-plugin-search-pro-2.0.2.tgz#7ce76e8f65c2044489b9c692736b23f81fe6a1f2"
  dependencies:
    html-entities "1.2.0"

gitbook-plugin-search@*, gitbook-plugin-search@2.2.1:
  version "2.2.1"
  resolved "http://registry.npm.taobao.org/gitbook-plugin-search/download/gitbook-plugin-search-2.2.1.tgz#6d25b5a776990fa98fdfdfa37de331f78e0f6b13"

gitbook-plugin-sharing@1.0.2:
  version "1.0.2"
  resolved "http://registry.npm.taobao.org/gitbook-plugin-sharing/download/gitbook-plugin-sharing-1.0.2.tgz#532b3af96fafba977ad3c047122642f1eeac6e81"
  dependencies:
    lodash "^3.10.1"

gitbook-plugin-theme-default@1.0.7:
  version "1.0.7"
  resolved "http://registry.npm.taobao.org/gitbook-plugin-theme-default/download/gitbook-plugin-theme-default-1.0.7.tgz#51f71fbca74a261054e9e9d141c42167afefce88"

highlight.js@9.2.0:
  version "9.2.0"
  resolved "http://registry.npm.taobao.org/highlight.js/download/highlight.js-9.2.0.tgz#0d4ef61279c4067da55edf8976f1b9f28f69f202"

html-entities@1.2.0:
  version "1.2.0"
  resolved "http://registry.npm.taobao.org/html-entities/download/html-entities-1.2.0.tgz#41948caf85ce82fed36e4e6a0ed371a6664379e2"

lodash@^3.10.1:
  version "3.10.1"
  resolved "http://registry.npm.taobao.org/lodash/download/lodash-3.10.1.tgz#5bf45e8e49ba4189e17d482789dfd15bd140b7b6"

lunr@0.5.12:
  version "0.5.12"
  resolved "http://registry.npm.taobao.org/lunr/download/lunr-0.5.12.tgz#a2f6b7d7801cbe2ccb1696da67f1f7788f89e0c8"
